
Microsoft Visual Studio Solution File, Format Version 12.00
# Visual Studio Version 17
VisualStudioVersion = 17.0.31903.59
MinimumVisualStudioVersion = 10.0.40219.1
Project("{2150E333-8FDC-42A3-9474-1A3956D46DE8}") = "src", "src", "{827E0CD3-B72D-47B6-A68D-7590B98EB39B}"
EndProject
Project("{FAE04EC0-301F-11D3-BF4B-00C04F79EFBC}") = "CanXe.Domain", "src\CanXe.Domain\CanXe.Domain.csproj", "{689BE83E-639B-423F-88A6-02B5FCAAA3D3}"
EndProject
Project("{FAE04EC0-301F-11D3-BF4B-00C04F79EFBC}") = "CanXe.Application", "src\CanXe.Application\CanXe.Application.csproj", "{68A53433-1A4D-44A9-9016-605FC7B23D25}"
EndProject
Project("{FAE04EC0-301F-11D3-BF4B-00C04F79EFBC}") = "CanXe.Infrastructure", "src\CanXe.Infrastructure\CanXe.Infrastructure.csproj", "{60359464-FE76-4365-A2AB-E395BEC89800}"
EndProject
Project("{FAE04EC0-301F-11D3-BF4B-00C04F79EFBC}") = "CanXe.Desktop", "src\CanXe.Desktop\CanXe.Desktop.csproj", "{F47D2989-344C-4F8B-AA1D-F3BB005B8781}"
EndProject
Project("{FAE04EC0-301F-11D3-BF4B-00C04F79EFBC}") = "CanXe.Diagnostics", "src\CanXe.Diagnostics\CanXe.Diagnostics.csproj", "{A1B2C3D4-E5F6-7890-ABCD-EF1234567890}"
EndProject
Project("{2150E333-8FDC-42A3-9474-1A3956D46DE8}") = "tests", "tests", "{0AB3BF05-4346-4AA6-1389-037BE0695223}"
EndProject
Project("{FAE04EC0-301F-11D3-BF4B-00C04F79EFBC}") = "CanXe.Tests", "tests\CanXe.Tests\CanXe.Tests.csproj", "{C0ED04F9-3725-4C28-8FAC-7EAB2E5E457F}"
EndProject
Project("{FAE04EC0-301F-11D3-BF4B-00C04F79EFBC}") = "CanXe.DeviceTester.Core", "src\CanXe.DeviceTester.Core\CanXe.DeviceTester.Core.csproj", "{465C4D56-E84C-4A38-B284-8B46D09FCA20}"
EndProject
Project("{FAE04EC0-301F-11D3-BF4B-00C04F79EFBC}") = "CanXe.DeviceTester", "src\CanXe.DeviceTester\CanXe.DeviceTester.csproj", "{48060175-4925-48E2-B3E9-A541186BFC01}"
EndProject
Project("{FAE04EC0-301F-11D3-BF4B-00C04F79EFBC}") = "CanXe.DeviceTester.Tests", "tests\CanXe.DeviceTester.Tests\CanXe.DeviceTester.Tests.csproj", "{C3A2259D-14AA-4034-AE17-F9288A0E17A6}"
EndProject
Project("{FAE04EC0-301F-11D3-BF4B-00C04F79EFBC}") = "CanXe.ProtocolAnalyzer.Core", "src\CanXe.ProtocolAnalyzer.Core\CanXe.ProtocolAnalyzer.Core.csproj", "{C4979C70-2483-454C-B047-24EEB3793B33}"
EndProject
Project("{FAE04EC0-301F-11D3-BF4B-00C04F79EFBC}") = "CanXe.ProtocolAnalyzer.Tests", "tests\CanXe.ProtocolAnalyzer.Tests\CanXe.ProtocolAnalyzer.Tests.csproj", "{277BE5A8-3ABE-49F9-8AAC-6940B82F375B}"
EndProject
Project("{FAE04EC0-301F-11D3-BF4B-00C04F79EFBC}") = "CanXe.ProtocolAnalyzer", "src\CanXe.ProtocolAnalyzer\CanXe.ProtocolAnalyzer.csproj", "{314F6674-64E7-4029-854E-0E11B9370095}"
EndProject
Project("{FAE04EC0-301F-11D3-BF4B-00C04F79EFBC}") = "CanXe.ScaleProtocol.Core", "src\CanXe.ScaleProtocol.Core\CanXe.ScaleProtocol.Core.csproj", "{7DA33B4B-E7CE-4FAD-9D67-25CE54F739BB}"
EndProject
Project("{FAE04EC0-301F-11D3-BF4B-00C04F79EFBC}") = "CanXe.ScaleProtocol.Tests", "tests\CanXe.ScaleProtocol.Tests\CanXe.ScaleProtocol.Tests.csproj", "{459086EB-D3E6-460A-815D-A98E8E13023C}"
EndProject
Project("{FAE04EC0-301F-11D3-BF4B-00C04F79EFBC}") = "CanXe.Desktop.Tests", "tests\CanXe.Desktop.Tests\CanXe.Desktop.Tests.csproj", "{FBC9E659-56B0-4898-AA07-BE77B726C6D5}"
EndProject
Project("{FAE04EC0-301F-11D3-BF4B-00C04F79EFBC}") = "CanXe.ComResetHelper", "src\CanXe.ComResetHelper\CanXe.ComResetHelper.csproj", "{3B8135FF-D187-4F72-BE41-546CDF780CCE}"
EndProject
Global
	GlobalSection(SolutionConfigurationPlatforms) = preSolution
		Debug|Any CPU = Debug|Any CPU
		Debug|x64 = Debug|x64
		Debug|x86 = Debug|x86
		Release|Any CPU = Release|Any CPU
		Release|x64 = Release|x64
		Release|x86 = Release|x86
	EndGlobalSection
	GlobalSection(ProjectConfigurationPlatforms) = postSolution
		{689BE83E-639B-423F-88A6-02B5FCAAA3D3}.Debug|Any CPU.ActiveCfg = Debug|Any CPU
		{689BE83E-639B-423F-88A6-02B5FCAAA3D3}.Debug|Any CPU.Build.0 = Debug|Any CPU
		{689BE83E-639B-423F-88A6-02B5FCAAA3D3}.Debug|x64.ActiveCfg = Debug|Any CPU
		{689BE83E-639B-423F-88A6-02B5FCAAA3D3}.Debug|x64.Build.0 = Debug|Any CPU
		{689BE83E-639B-423F-88A6-02B5FCAAA3D3}.Debug|x86.ActiveCfg = Debug|Any CPU
		{689BE83E-639B-423F-88A6-02B5FCAAA3D3}.Debug|x86.Build.0 = Debug|Any CPU
		{689BE83E-639B-423F-88A6-02B5FCAAA3D3}.Release|Any CPU.ActiveCfg = Release|Any CPU
		{689BE83E-639B-423F-88A6-02B5FCAAA3D3}.Release|Any CPU.Build.0 = Release|Any CPU
		{689BE83E-639B-423F-88A6-02B5FCAAA3D3}.Release|x64.ActiveCfg = Release|Any CPU
		{689BE83E-639B-423F-88A6-02B5FCAAA3D3}.Release|x64.Build.0 = Release|Any CPU
		{689BE83E-639B-423F-88A6-02B5FCAAA3D3}.Release|x86.ActiveCfg = Release|Any CPU
		{689BE83E-639B-423F-88A6-02B5FCAAA3D3}.Release|x86.Build.0 = Release|Any CPU
		{68A53433-1A4D-44A9-9016-605FC7B23D25}.Debug|Any CPU.ActiveCfg = Debug|Any CPU
		{68A53433-1A4D-44A9-9016-605FC7B23D25}.Debug|Any CPU.Build.0 = Debug|Any CPU
		{68A53433-1A4D-44A9-9016-605FC7B23D25}.Debug|x64.ActiveCfg = Debug|Any CPU
		{68A53433-1A4D-44A9-9016-605FC7B23D25}.Debug|x64.Build.0 = Debug|Any CPU
		{68A53433-1A4D-44A9-9016-605FC7B23D25}.Debug|x86.ActiveCfg = Debug|Any CPU
		{68A53433-1A4D-44A9-9016-605FC7B23D25}.Debug|x86.Build.0 = Debug|Any CPU
		{68A53433-1A4D-44A9-9016-605FC7B23D25}.Release|Any CPU.ActiveCfg = Release|Any CPU
		{68A53433-1A4D-44A9-9016-605FC7B23D25}.Release|Any CPU.Build.0 = Release|Any CPU
		{68A53433-1A4D-44A9-9016-605FC7B23D25}.Release|x64.ActiveCfg = Release|Any CPU
		{68A53433-1A4D-44A9-9016-605FC7B23D25}.Release|x64.Build.0 = Release|Any CPU
		{68A53433-1A4D-44A9-9016-605FC7B23D25}.Release|x86.ActiveCfg = Release|Any CPU
		{68A53433-1A4D-44A9-9016-605FC7B23D25}.Release|x86.Build.0 = Release|Any CPU
		{60359464-FE76-4365-A2AB-E395BEC89800}.Debug|Any CPU.ActiveCfg = Debug|Any CPU
		{60359464-FE76-4365-A2AB-E395BEC89800}.Debug|Any CPU.Build.0 = Debug|Any CPU
		{60359464-FE76-4365-A2AB-E395BEC89800}.Debug|x64.ActiveCfg = Debug|Any CPU
		{60359464-FE76-4365-A2AB-E395BEC89800}.Debug|x64.Build.0 = Debug|Any CPU
		{60359464-FE76-4365-A2AB-E395BEC89800}.Debug|x86.ActiveCfg = Debug|Any CPU
		{60359464-FE76-4365-A2AB-E395BEC89800}.Debug|x86.Build.0 = Debug|Any CPU
		{60359464-FE76-4365-A2AB-E395BEC89800}.Release|Any CPU.ActiveCfg = Release|Any CPU
		{60359464-FE76-4365-A2AB-E395BEC89800}.Release|Any CPU.Build.0 = Release|Any CPU
		{60359464-FE76-4365-A2AB-E395BEC89800}.Release|x64.ActiveCfg = Release|Any CPU
		{60359464-FE76-4365-A2AB-E395BEC89800}.Release|x64.Build.0 = Release|Any CPU
		{60359464-FE76-4365-A2AB-E395BEC89800}.Release|x86.ActiveCfg = Release|Any CPU
		{60359464-FE76-4365-A2AB-E395BEC89800}.Release|x86.Build.0 = Release|Any CPU
		{F47D2989-344C-4F8B-AA1D-F3BB005B8781}.Debug|Any CPU.ActiveCfg = Debug|Any CPU
		{F47D2989-344C-4F8B-AA1D-F3BB005B8781}.Debug|Any CPU.Build.0 = Debug|Any CPU
		{F47D2989-344C-4F8B-AA1D-F3BB005B8781}.Debug|x64.ActiveCfg = Debug|Any CPU
		{F47D2989-344C-4F8B-AA1D-F3BB005B8781}.Debug|x64.Build.0 = Debug|Any CPU
		{F47D2989-344C-4F8B-AA1D-F3BB005B8781}.Debug|x86.ActiveCfg = Debug|Any CPU
		{F47D2989-344C-4F8B-AA1D-F3BB005B8781}.Debug|x86.Build.0 = Debug|Any CPU
		{F47D2989-344C-4F8B-AA1D-F3BB005B8781}.Release|Any CPU.ActiveCfg = Release|Any CPU
		{F47D2989-344C-4F8B-AA1D-F3BB005B8781}.Release|Any CPU.Build.0 = Release|Any CPU
		{F47D2989-344C-4F8B-AA1D-F3BB005B8781}.Release|x64.ActiveCfg = Release|Any CPU
		{F47D2989-344C-4F8B-AA1D-F3BB005B8781}.Release|x64.Build.0 = Release|Any CPU
		{F47D2989-344C-4F8B-AA1D-F3BB005B8781}.Release|x86.ActiveCfg = Release|Any CPU
		{F47D2989-344C-4F8B-AA1D-F3BB005B8781}.Release|x86.Build.0 = Release|Any CPU
		{A1B2C3D4-E5F6-7890-ABCD-EF1234567890}.Debug|Any CPU.ActiveCfg = Debug|Any CPU
		{A1B2C3D4-E5F6-7890-ABCD-EF1234567890}.Debug|Any CPU.Build.0 = Debug|Any CPU
		{A1B2C3D4-E5F6-7890-ABCD-EF1234567890}.Debug|x64.ActiveCfg = Debug|Any CPU
		{A1B2C3D4-E5F6-7890-ABCD-EF1234567890}.Debug|x64.Build.0 = Debug|Any CPU
		{A1B2C3D4-E5F6-7890-ABCD-EF1234567890}.Debug|x86.ActiveCfg = Debug|Any CPU
		{A1B2C3D4-E5F6-7890-ABCD-EF1234567890}.Debug|x86.Build.0 = Debug|Any CPU
		{A1B2C3D4-E5F6-7890-ABCD-EF1234567890}.Release|Any CPU.ActiveCfg = Release|Any CPU
		{A1B2C3D4-E5F6-7890-ABCD-EF1234567890}.Release|Any CPU.Build.0 = Release|Any CPU
		{A1B2C3D4-E5F6-7890-ABCD-EF1234567890}.Release|x64.ActiveCfg = Release|Any CPU
		{A1B2C3D4-E5F6-7890-ABCD-EF1234567890}.Release|x64.Build.0 = Release|Any CPU
		{A1B2C3D4-E5F6-7890-ABCD-EF1234567890}.Release|x86.ActiveCfg = Release|Any CPU
		{A1B2C3D4-E5F6-7890-ABCD-EF1234567890}.Release|x86.Build.0 = Release|Any CPU
		{C0ED04F9-3725-4C28-8FAC-7EAB2E5E457F}.Debug|Any CPU.ActiveCfg = Debug|Any CPU
		{C0ED04F9-3725-4C28-8FAC-7EAB2E5E457F}.Debug|Any CPU.Build.0 = Debug|Any CPU
		{C0ED04F9-3725-4C28-8FAC-7EAB2E5E457F}.Debug|x64.ActiveCfg = Debug|Any CPU
		{C0ED04F9-3725-4C28-8FAC-7EAB2E5E457F}.Debug|x64.Build.0 = Debug|Any CPU
		{C0ED04F9-3725-4C28-8FAC-7EAB2E5E457F}.Debug|x86.ActiveCfg = Debug|Any CPU
		{C0ED04F9-3725-4C28-8FAC-7EAB2E5E457F}.Debug|x86.Build.0 = Debug|Any CPU
		{C0ED04F9-3725-4C28-8FAC-7EAB2E5E457F}.Release|Any CPU.ActiveCfg = Release|Any CPU
		{C0ED04F9-3725-4C28-8FAC-7EAB2E5E457F}.Release|Any CPU.Build.0 = Release|Any CPU
		{C0ED04F9-3725-4C28-8FAC-7EAB2E5E457F}.Release|x64.ActiveCfg = Release|Any CPU
		{C0ED04F9-3725-4C28-8FAC-7EAB2E5E457F}.Release|x64.Build.0 = Release|Any CPU
		{C0ED04F9-3725-4C28-8FAC-7EAB2E5E457F}.Release|x86.ActiveCfg = Release|Any CPU
		{C0ED04F9-3725-4C28-8FAC-7EAB2E5E457F}.Release|x86.Build.0 = Release|Any CPU
		{465C4D56-E84C-4A38-B284-8B46D09FCA20}.Debug|Any CPU.ActiveCfg = Debug|Any CPU
		{465C4D56-E84C-4A38-B284-8B46D09FCA20}.Debug|Any CPU.Build.0 = Debug|Any CPU
		{465C4D56-E84C-4A38-B284-8B46D09FCA20}.Debug|x64.ActiveCfg = Debug|Any CPU
		{465C4D56-E84C-4A38-B284-8B46D09FCA20}.Debug|x64.Build.0 = Debug|Any CPU
		{465C4D56-E84C-4A38-B284-8B46D09FCA20}.Debug|x86.ActiveCfg = Debug|Any CPU
		{465C4D56-E84C-4A38-B284-8B46D09FCA20}.Debug|x86.Build.0 = Debug|Any CPU
		{465C4D56-E84C-4A38-B284-8B46D09FCA20}.Release|Any CPU.ActiveCfg = Release|Any CPU
		{465C4D56-E84C-4A38-B284-8B46D09FCA20}.Release|Any CPU.Build.0 = Release|Any CPU
		{465C4D56-E84C-4A38-B284-8B46D09FCA20}.Release|x64.ActiveCfg = Release|Any CPU
		{465C4D56-E84C-4A38-B284-8B46D09FCA20}.Release|x64.Build.0 = Release|Any CPU
		{465C4D56-E84C-4A38-B284-8B46D09FCA20}.Release|x86.ActiveCfg = Release|Any CPU
		{465C4D56-E84C-4A38-B284-8B46D09FCA20}.Release|x86.Build.0 = Release|Any CPU
		{48060175-4925-48E2-B3E9-A541186BFC01}.Debug|Any CPU.ActiveCfg = Debug|Any CPU
		{48060175-4925-48E2-B3E9-A541186BFC01}.Debug|Any CPU.Build.0 = Debug|Any CPU
		{48060175-4925-48E2-B3E9-A541186BFC01}.Debug|x64.ActiveCfg = Debug|Any CPU
		{48060175-4925-48E2-B3E9-A541186BFC01}.Debug|x64.Build.0 = Debug|Any CPU
		{48060175-4925-48E2-B3E9-A541186BFC01}.Debug|x86.ActiveCfg = Debug|Any CPU
		{48060175-4925-48E2-B3E9-A541186BFC01}.Debug|x86.Build.0 = Debug|Any CPU
		{48060175-4925-48E2-B3E9-A541186BFC01}.Release|Any CPU.ActiveCfg = Release|Any CPU
		{48060175-4925-48E2-B3E9-A541186BFC01}.Release|Any CPU.Build.0 = Release|Any CPU
		{48060175-4925-48E2-B3E9-A541186BFC01}.Release|x64.ActiveCfg = Release|Any CPU
		{48060175-4925-48E2-B3E9-A541186BFC01}.Release|x64.Build.0 = Release|Any CPU
		{48060175-4925-48E2-B3E9-A541186BFC01}.Release|x86.ActiveCfg = Release|Any CPU
		{48060175-4925-48E2-B3E9-A541186BFC01}.Release|x86.Build.0 = Release|Any CPU
		{C3A2259D-14AA-4034-AE17-F9288A0E17A6}.Debug|Any CPU.ActiveCfg = Debug|Any CPU
		{C3A2259D-14AA-4034-AE17-F9288A0E17A6}.Debug|Any CPU.Build.0 = Debug|Any CPU
		{C3A2259D-14AA-4034-AE17-F9288A0E17A6}.Debug|x64.ActiveCfg = Debug|Any CPU
		{C3A2259D-14AA-4034-AE17-F9288A0E17A6}.Debug|x64.Build.0 = Debug|Any CPU
		{C3A2259D-14AA-4034-AE17-F9288A0E17A6}.Debug|x86.ActiveCfg = Debug|Any CPU
		{C3A2259D-14AA-4034-AE17-F9288A0E17A6}.Debug|x86.Build.0 = Debug|Any CPU
		{C3A2259D-14AA-4034-AE17-F9288A0E17A6}.Release|Any CPU.ActiveCfg = Release|Any CPU
		{C3A2259D-14AA-4034-AE17-F9288A0E17A6}.Release|Any CPU.Build.0 = Release|Any CPU
		{C3A2259D-14AA-4034-AE17-F9288A0E17A6}.Release|x64.ActiveCfg = Release|Any CPU
		{C3A2259D-14AA-4034-AE17-F9288A0E17A6}.Release|x64.Build.0 = Release|Any CPU
		{C3A2259D-14AA-4034-AE17-F9288A0E17A6}.Release|x86.ActiveCfg = Release|Any CPU
		{C3A2259D-14AA-4034-AE17-F9288A0E17A6}.Release|x86.Build.0 = Release|Any CPU
		{C4979C70-2483-454C-B047-24EEB3793B33}.Debug|Any CPU.ActiveCfg = Debug|Any CPU
		{C4979C70-2483-454C-B047-24EEB3793B33}.Debug|Any CPU.Build.0 = Debug|Any CPU
		{C4979C70-2483-454C-B047-24EEB3793B33}.Debug|x64.ActiveCfg = Debug|Any CPU
		{C4979C70-2483-454C-B047-24EEB3793B33}.Debug|x64.Build.0 = Debug|Any CPU
		{C4979C70-2483-454C-B047-24EEB3793B33}.Debug|x86.ActiveCfg = Debug|Any CPU
		{C4979C70-2483-454C-B047-24EEB3793B33}.Debug|x86.Build.0 = Debug|Any CPU
		{C4979C70-2483-454C-B047-24EEB3793B33}.Release|Any CPU.ActiveCfg = Release|Any CPU
		{C4979C70-2483-454C-B047-24EEB3793B33}.Release|Any CPU.Build.0 = Release|Any CPU
		{C4979C70-2483-454C-B047-24EEB3793B33}.Release|x64.ActiveCfg = Release|Any CPU
		{C4979C70-2483-454C-B047-24EEB3793B33}.Release|x64.Build.0 = Release|Any CPU
		{C4979C70-2483-454C-B047-24EEB3793B33}.Release|x86.ActiveCfg = Release|Any CPU
		{C4979C70-2483-454C-B047-24EEB3793B33}.Release|x86.Build.0 = Release|Any CPU
		{277BE5A8-3ABE-49F9-8AAC-6940B82F375B}.Debug|Any CPU.ActiveCfg = Debug|Any CPU
		{277BE5A8-3ABE-49F9-8AAC-6940B82F375B}.Debug|Any CPU.Build.0 = Debug|Any CPU
		{277BE5A8-3ABE-49F9-8AAC-6940B82F375B}.Debug|x64.ActiveCfg = Debug|Any CPU
		{277BE5A8-3ABE-49F9-8AAC-6940B82F375B}.Debug|x64.Build.0 = Debug|Any CPU
		{277BE5A8-3ABE-49F9-8AAC-6940B82F375B}.Debug|x86.ActiveCfg = Debug|Any CPU
		{277BE5A8-3ABE-49F9-8AAC-6940B82F375B}.Debug|x86.Build.0 = Debug|Any CPU
		{277BE5A8-3ABE-49F9-8AAC-6940B82F375B}.Release|Any CPU.ActiveCfg = Release|Any CPU
		{277BE5A8-3ABE-49F9-8AAC-6940B82F375B}.Release|Any CPU.Build.0 = Release|Any CPU
		{277BE5A8-3ABE-49F9-8AAC-6940B82F375B}.Release|x64.ActiveCfg = Release|Any CPU
		{277BE5A8-3ABE-49F9-8AAC-6940B82F375B}.Release|x64.Build.0 = Release|Any CPU
		{277BE5A8-3ABE-49F9-8AAC-6940B82F375B}.Release|x86.ActiveCfg = Release|Any CPU
		{277BE5A8-3ABE-49F9-8AAC-6940B82F375B}.Release|x86.Build.0 = Release|Any CPU
		{314F6674-64E7-4029-854E-0E11B9370095}.Debug|Any CPU.ActiveCfg = Debug|Any CPU
		{314F6674-64E7-4029-854E-0E11B9370095}.Debug|Any CPU.Build.0 = Debug|Any CPU
		{314F6674-64E7-4029-854E-0E11B9370095}.Debug|x64.ActiveCfg = Debug|Any CPU
		{314F6674-64E7-4029-854E-0E11B9370095}.Debug|x64.Build.0 = Debug|Any CPU
		{314F6674-64E7-4029-854E-0E11B9370095}.Debug|x86.ActiveCfg = Debug|Any CPU
		{314F6674-64E7-4029-854E-0E11B9370095}.Debug|x86.Build.0 = Debug|Any CPU
		{314F6674-64E7-4029-854E-0E11B9370095}.Release|Any CPU.ActiveCfg = Release|Any CPU
		{314F6674-64E7-4029-854E-0E11B9370095}.Release|Any CPU.Build.0 = Release|Any CPU
		{314F6674-64E7-4029-854E-0E11B9370095}.Release|x64.ActiveCfg = Release|Any CPU
		{314F6674-64E7-4029-854E-0E11B9370095}.Release|x64.Build.0 = Release|Any CPU
		{314F6674-64E7-4029-854E-0E11B9370095}.Release|x86.ActiveCfg = Release|Any CPU
		{314F6674-64E7-4029-854E-0E11B9370095}.Release|x86.Build.0 = Release|Any CPU
		{7DA33B4B-E7CE-4FAD-9D67-25CE54F739BB}.Debug|Any CPU.ActiveCfg = Debug|Any CPU
		{7DA33B4B-E7CE-4FAD-9D67-25CE54F739BB}.Debug|Any CPU.Build.0 = Debug|Any CPU
		{7DA33B4B-E7CE-4FAD-9D67-25CE54F739BB}.Debug|x64.ActiveCfg = Debug|Any CPU
		{7DA33B4B-E7CE-4FAD-9D67-25CE54F739BB}.Debug|x64.Build.0 = Debug|Any CPU
		{7DA33B4B-E7CE-4FAD-9D67-25CE54F739BB}.Debug|x86.ActiveCfg = Debug|Any CPU
		{7DA33B4B-E7CE-4FAD-9D67-25CE54F739BB}.Debug|x86.Build.0 = Debug|Any CPU
		{7DA33B4B-E7CE-4FAD-9D67-25CE54F739BB}.Release|Any CPU.ActiveCfg = Release|Any CPU
		{7DA33B4B-E7CE-4FAD-9D67-25CE54F739BB}.Release|Any CPU.Build.0 = Release|Any CPU
		{7DA33B4B-E7CE-4FAD-9D67-25CE54F739BB}.Release|x64.ActiveCfg = Release|Any CPU
		{7DA33B4B-E7CE-4FAD-9D67-25CE54F739BB}.Release|x64.Build.0 = Release|Any CPU
		{7DA33B4B-E7CE-4FAD-9D67-25CE54F739BB}.Release|x86.ActiveCfg = Release|Any CPU
		{7DA33B4B-E7CE-4FAD-9D67-25CE54F739BB}.Release|x86.Build.0 = Release|Any CPU
		{459086EB-D3E6-460A-815D-A98E8E13023C}.Debug|Any CPU.ActiveCfg = Debug|Any CPU
		{459086EB-D3E6-460A-815D-A98E8E13023C}.Debug|Any CPU.Build.0 = Debug|Any CPU
		{459086EB-D3E6-460A-815D-A98E8E13023C}.Debug|x64.ActiveCfg = Debug|Any CPU
		{459086EB-D3E6-460A-815D-A98E8E13023C}.Debug|x64.Build.0 = Debug|Any CPU
		{459086EB-D3E6-460A-815D-A98E8E13023C}.Debug|x86.ActiveCfg = Debug|Any CPU
		{459086EB-D3E6-460A-815D-A98E8E13023C}.Debug|x86.Build.0 = Debug|Any CPU
		{459086EB-D3E6-460A-815D-A98E8E13023C}.Release|Any CPU.ActiveCfg = Release|Any CPU
		{459086EB-D3E6-460A-815D-A98E8E13023C}.Release|Any CPU.Build.0 = Release|Any CPU
		{459086EB-D3E6-460A-815D-A98E8E13023C}.Release|x64.ActiveCfg = Release|Any CPU
		{459086EB-D3E6-460A-815D-A98E8E13023C}.Release|x64.Build.0 = Release|Any CPU
		{459086EB-D3E6-460A-815D-A98E8E13023C}.Release|x86.ActiveCfg = Release|Any CPU
		{459086EB-D3E6-460A-815D-A98E8E13023C}.Release|x86.Build.0 = Release|Any CPU
		{FBC9E659-56B0-4898-AA07-BE77B726C6D5}.Debug|Any CPU.ActiveCfg = Debug|Any CPU
		{FBC9E659-56B0-4898-AA07-BE77B726C6D5}.Debug|Any CPU.Build.0 = Debug|Any CPU
		{FBC9E659-56B0-4898-AA07-BE77B726C6D5}.Debug|x64.ActiveCfg = Debug|Any CPU
		{FBC9E659-56B0-4898-AA07-BE77B726C6D5}.Debug|x64.Build.0 = Debug|Any CPU
		{FBC9E659-56B0-4898-AA07-BE77B726C6D5}.Debug|x86.ActiveCfg = Debug|Any CPU
		{FBC9E659-56B0-4898-AA07-BE77B726C6D5}.Debug|x86.Build.0 = Debug|Any CPU
		{FBC9E659-56B0-4898-AA07-BE77B726C6D5}.Release|Any CPU.ActiveCfg = Release|Any CPU
		{FBC9E659-56B0-4898-AA07-BE77B726C6D5}.Release|Any CPU.Build.0 = Release|Any CPU
		{FBC9E659-56B0-4898-AA07-BE77B726C6D5}.Release|x64.ActiveCfg = Release|Any CPU
		{FBC9E659-56B0-4898-AA07-BE77B726C6D5}.Release|x64.Build.0 = Release|Any CPU
		{FBC9E659-56B0-4898-AA07-BE77B726C6D5}.Release|x86.ActiveCfg = Release|Any CPU
		{FBC9E659-56B0-4898-AA07-BE77B726C6D5}.Release|x86.Build.0 = Release|Any CPU
		{3B8135FF-D187-4F72-BE41-546CDF780CCE}.Debug|Any CPU.ActiveCfg = Debug|Any CPU
		{3B8135FF-D187-4F72-BE41-546CDF780CCE}.Debug|Any CPU.Build.0 = Debug|Any CPU
		{3B8135FF-D187-4F72-BE41-546CDF780CCE}.Debug|x64.ActiveCfg = Debug|Any CPU
		{3B8135FF-D187-4F72-BE41-546CDF780CCE}.Debug|x64.Build.0 = Debug|Any CPU
		{3B8135FF-D187-4F72-BE41-546CDF780CCE}.Debug|x86.ActiveCfg = Debug|Any CPU
		{3B8135FF-D187-4F72-BE41-546CDF780CCE}.Debug|x86.Build.0 = Debug|Any CPU
		{3B8135FF-D187-4F72-BE41-546CDF780CCE}.Release|Any CPU.ActiveCfg = Release|Any CPU
		{3B8135FF-D187-4F72-BE41-546CDF780CCE}.Release|Any CPU.Build.0 = Release|Any CPU
		{3B8135FF-D187-4F72-BE41-546CDF780CCE}.Release|x64.ActiveCfg = Release|Any CPU
		{3B8135FF-D187-4F72-BE41-546CDF780CCE}.Release|x64.Build.0 = Release|Any CPU
		{3B8135FF-D187-4F72-BE41-546CDF780CCE}.Release|x86.ActiveCfg = Release|Any CPU
		{3B8135FF-D187-4F72-BE41-546CDF780CCE}.Release|x86.Build.0 = Release|Any CPU
	EndGlobalSection
	GlobalSection(SolutionProperties) = preSolution
		HideSolutionNode = FALSE
	EndGlobalSection
	GlobalSection(NestedProjects) = preSolution
		{689BE83E-639B-423F-88A6-02B5FCAAA3D3} = {827E0CD3-B72D-47B6-A68D-7590B98EB39B}
		{68A53433-1A4D-44A9-9016-605FC7B23D25} = {827E0CD3-B72D-47B6-A68D-7590B98EB39B}
		{60359464-FE76-4365-A2AB-E395BEC89800} = {827E0CD3-B72D-47B6-A68D-7590B98EB39B}
		{F47D2989-344C-4F8B-AA1D-F3BB005B8781} = {827E0CD3-B72D-47B6-A68D-7590B98EB39B}
		{A1B2C3D4-E5F6-7890-ABCD-EF1234567890} = {827E0CD3-B72D-47B6-A68D-7590B98EB39B}
		{C0ED04F9-3725-4C28-8FAC-7EAB2E5E457F} = {0AB3BF05-4346-4AA6-1389-037BE0695223}
		{465C4D56-E84C-4A38-B284-8B46D09FCA20} = {827E0CD3-B72D-47B6-A68D-7590B98EB39B}
		{48060175-4925-48E2-B3E9-A541186BFC01} = {827E0CD3-B72D-47B6-A68D-7590B98EB39B}
		{C3A2259D-14AA-4034-AE17-F9288A0E17A6} = {0AB3BF05-4346-4AA6-1389-037BE0695223}
		{C4979C70-2483-454C-B047-24EEB3793B33} = {827E0CD3-B72D-47B6-A68D-7590B98EB39B}
		{277BE5A8-3ABE-49F9-8AAC-6940B82F375B} = {0AB3BF05-4346-4AA6-1389-037BE0695223}
		{314F6674-64E7-4029-854E-0E11B9370095} = {827E0CD3-B72D-47B6-A68D-7590B98EB39B}
		{7DA33B4B-E7CE-4FAD-9D67-25CE54F739BB} = {827E0CD3-B72D-47B6-A68D-7590B98EB39B}
		{459086EB-D3E6-460A-815D-A98E8E13023C} = {0AB3BF05-4346-4AA6-1389-037BE0695223}
		{FBC9E659-56B0-4898-AA07-BE77B726C6D5} = {0AB3BF05-4346-4AA6-1389-037BE0695223}
		{3B8135FF-D187-4F72-BE41-546CDF780CCE} = {827E0CD3-B72D-47B6-A68D-7590B98EB39B}
	EndGlobalSection
EndGlobal
